
Microsoft Visual Studio Solution File, Format Version 12.00
# Visual Studio Version 16
VisualStudioVersion = 16.0.30907.101
MinimumVisualStudioVersion = 10.0.40219.1
Project("{FAE04EC0-301F-11D3-BF4B-00C04F79EFBC}") = "MyCustomList", "MyCustomList\MyCustomList.csproj", "{0E9318EB-5C73-4214-89CD-B1FF300236D4}"
EndProject
Project("{FAE04EC0-301F-11D3-BF4B-00C04F79EFBC}") = "MyCustomListUnitTestProject", "MyCustomListUnitTestProject\MyCustomListUnitTestProject.csproj", "{64F9F1E1-9290-4E2F-BDA4-CC81CCA3BD15}"
EndProject
Global
	GlobalSection(SolutionConfigurationPlatforms) = preSolution
		Debug|Any CPU = Debug|Any CPU
		Release|Any CPU = Release|Any CPU
	EndGlobalSection
	GlobalSection(ProjectConfigurationPlatforms) = postSolution
		{0E9318EB-5C73-4214-89CD-B1FF300236D4}.Debug|Any CPU.ActiveCfg = Debug|Any CPU
		{0E9318EB-5C73-4214-89CD-B1FF300236D4}.Debug|Any CPU.Build.0 = Debug|Any CPU
		{0E9318EB-5C73-4214-89CD-B1FF300236D4}.Release|Any CPU.ActiveCfg = Release|Any CPU
		{0E9318EB-5C73-4214-89CD-B1FF300236D4}.Release|Any CPU.Build.0 = Release|Any CPU
		{64F9F1E1-9290-4E2F-BDA4-CC81CCA3BD15}.Debug|Any CPU.ActiveCfg = Debug|Any CPU
		{64F9F1E1-9290-4E2F-BDA4-CC81CCA3BD15}.Debug|Any CPU.Build.0 = Debug|Any CPU
		{64F9F1E1-9290-4E2F-BDA4-CC81CCA3BD15}.Release|Any CPU.ActiveCfg = Release|Any CPU
		{64F9F1E1-9290-4E2F-BDA4-CC81CCA3BD15}.Release|Any CPU.Build.0 = Release|Any CPU
	EndGlobalSection
	GlobalSection(SolutionProperties) = preSolution
		HideSolutionNode = FALSE
	EndGlobalSection
	GlobalSection(ExtensibilityGlobals) = postSolution
		SolutionGuid = {AC29C54D-04EF-4FBA-B014-69526050E92D}
	EndGlobalSection
EndGlobal
